
Microsoft Visual Studio Solution File, Format Version 12.00
# Visual Studio 15
VisualStudioVersion = 15.0.26730.10
MinimumVisualStudioVersion = 10.0.40219.1
Project("{FAE04EC0-301F-11D3-BF4B-00C04F79EFBC}") = "SystemSplit", "SystemSplit\SystemSplit.csproj", "{D3C5CB30-C5B7-449D-B389-5F9BE540FAB3}"
EndProject
Global
	GlobalSection(SolutionConfigurationPlatforms) = preSolution
		Debug|Any CPU = Debug|Any CPU
		Release|Any CPU = Release|Any CPU
	EndGlobalSection
	GlobalSection(ProjectConfigurationPlatforms) = postSolution
		{D3C5CB30-C5B7-449D-B389-5F9BE540FAB3}.Debug|Any CPU.ActiveCfg = Debug|Any CPU
		{D3C5CB30-C5B7-449D-B389-5F9BE540FAB3}.Debug|Any CPU.Build.0 = Debug|Any CPU
		{D3C5CB30-C5B7-449D-B389-5F9BE540FAB3}.Release|Any CPU.ActiveCfg = Release|Any CPU
		{D3C5CB30-C5B7-449D-B389-5F9BE540FAB3}.Release|Any CPU.Build.0 = Release|Any CPU
	EndGlobalSection
	GlobalSection(SolutionProperties) = preSolution
		HideSolutionNode = FALSE
	EndGlobalSection
	GlobalSection(ExtensibilityGlobals) = postSolution
		SolutionGuid = {C547623F-5C1A-48E8-9627-9F180D92D237}
	EndGlobalSection
EndGlobal
