
Microsoft Visual Studio Solution File, Format Version 12.00
# Visual Studio 15
VisualStudioVersion = 15.0.27130.2027
MinimumVisualStudioVersion = 10.0.40219.1
Project("{FAE04EC0-301F-11D3-BF4B-00C04F79EFBC}") = "OOPBasicsExam-16July2017", "OOPBasicsExam-16July2017\OOPBasicsExam-16July2017.csproj", "{67855DCA-FB05-4DB4-BBBA-8DF42816046B}"
EndProject
Global
	GlobalSection(SolutionConfigurationPlatforms) = preSolution
		Debug|Any CPU = Debug|Any CPU
		Release|Any CPU = Release|Any CPU
	EndGlobalSection
	GlobalSection(ProjectConfigurationPlatforms) = postSolution
		{67855DCA-FB05-4DB4-BBBA-8DF42816046B}.Debug|Any CPU.ActiveCfg = Debug|Any CPU
		{67855DCA-FB05-4DB4-BBBA-8DF42816046B}.Debug|Any CPU.Build.0 = Debug|Any CPU
		{67855DCA-FB05-4DB4-BBBA-8DF42816046B}.Release|Any CPU.ActiveCfg = Release|Any CPU
		{67855DCA-FB05-4DB4-BBBA-8DF42816046B}.Release|Any CPU.Build.0 = Release|Any CPU
	EndGlobalSection
	GlobalSection(SolutionProperties) = preSolution
		HideSolutionNode = FALSE
	EndGlobalSection
	GlobalSection(ExtensibilityGlobals) = postSolution
		SolutionGuid = {247A160B-8A98-4F13-BD65-56ECC4D3C579}
	EndGlobalSection
EndGlobal
