
Microsoft Visual Studio Solution File, Format Version 12.00
# Visual Studio 15
VisualStudioVersion = 15.0.27130.2027
MinimumVisualStudioVersion = 10.0.40219.1
Project("{9A19103F-16F7-4668-BE54-9A1E7A4F7556}") = "01_DefineAnInterfaceIPerson", "01_DefineAnInterfaceIPerson\01_DefineAnInterfaceIPerson.csproj", "{4ECFD401-FAB6-4752-851D-866159B9CE31}"
EndProject
Project("{9A19103F-16F7-4668-BE54-9A1E7A4F7556}") = "03_Ferrari", "03_Ferrari\03_Ferrari.csproj", "{95B8E44C-83D6-4E6B-BD15-2D83504BEC9C}"
EndProject
Project("{9A19103F-16F7-4668-BE54-9A1E7A4F7556}") = "04_Telephony", "04_Telephony\04_Telephony.csproj", "{BC720E45-B67E-4C28-8FF2-6EAA52230BDA}"
EndProject
Project("{9A19103F-16F7-4668-BE54-9A1E7A4F7556}") = "05_BorderControl", "05_BorderControl\05_BorderControl.csproj", "{479D78DA-654F-4700-B35A-1F7A3752AF4C}"
EndProject
Project("{9A19103F-16F7-4668-BE54-9A1E7A4F7556}") = "08_MilitaryElite", "08_MilitaryElite\08_MilitaryElite.csproj", "{9EE8025C-24FB-4702-AB77-1C0F18981F76}"
EndProject
Project("{FAE04EC0-301F-11D3-BF4B-00C04F79EFBC}") = "09_CollectionHierarchy", "09_CollectionHierarchy\09_CollectionHierarchy.csproj", "{BFAC1D5B-973B-4AAB-954E-91655C845308}"
EndProject
Project("{FAE04EC0-301F-11D3-BF4B-00C04F79EFBC}") = "10_ExplicitInterfaces", "10_ExplicitInterfaces\10_ExplicitInterfaces.csproj", "{FD7D06A9-6A8F-4292-ABA7-689D23D863FB}"
EndProject
Global
	GlobalSection(SolutionConfigurationPlatforms) = preSolution
		Debug|Any CPU = Debug|Any CPU
		Release|Any CPU = Release|Any CPU
	EndGlobalSection
	GlobalSection(ProjectConfigurationPlatforms) = postSolution
		{4ECFD401-FAB6-4752-851D-866159B9CE31}.Debug|Any CPU.ActiveCfg = Debug|Any CPU
		{4ECFD401-FAB6-4752-851D-866159B9CE31}.Debug|Any CPU.Build.0 = Debug|Any CPU
		{4ECFD401-FAB6-4752-851D-866159B9CE31}.Release|Any CPU.ActiveCfg = Release|Any CPU
		{4ECFD401-FAB6-4752-851D-866159B9CE31}.Release|Any CPU.Build.0 = Release|Any CPU
		{95B8E44C-83D6-4E6B-BD15-2D83504BEC9C}.Debug|Any CPU.ActiveCfg = Debug|Any CPU
		{95B8E44C-83D6-4E6B-BD15-2D83504BEC9C}.Debug|Any CPU.Build.0 = Debug|Any CPU
		{95B8E44C-83D6-4E6B-BD15-2D83504BEC9C}.Release|Any CPU.ActiveCfg = Release|Any CPU
		{95B8E44C-83D6-4E6B-BD15-2D83504BEC9C}.Release|Any CPU.Build.0 = Release|Any CPU
		{BC720E45-B67E-4C28-8FF2-6EAA52230BDA}.Debug|Any CPU.ActiveCfg = Debug|Any CPU
		{BC720E45-B67E-4C28-8FF2-6EAA52230BDA}.Debug|Any CPU.Build.0 = Debug|Any CPU
		{BC720E45-B67E-4C28-8FF2-6EAA52230BDA}.Release|Any CPU.ActiveCfg = Release|Any CPU
		{BC720E45-B67E-4C28-8FF2-6EAA52230BDA}.Release|Any CPU.Build.0 = Release|Any CPU
		{479D78DA-654F-4700-B35A-1F7A3752AF4C}.Debug|Any CPU.ActiveCfg = Debug|Any CPU
		{479D78DA-654F-4700-B35A-1F7A3752AF4C}.Debug|Any CPU.Build.0 = Debug|Any CPU
		{479D78DA-654F-4700-B35A-1F7A3752AF4C}.Release|Any CPU.ActiveCfg = Release|Any CPU
		{479D78DA-654F-4700-B35A-1F7A3752AF4C}.Release|Any CPU.Build.0 = Release|Any CPU
		{9EE8025C-24FB-4702-AB77-1C0F18981F76}.Debug|Any CPU.ActiveCfg = Debug|Any CPU
		{9EE8025C-24FB-4702-AB77-1C0F18981F76}.Debug|Any CPU.Build.0 = Debug|Any CPU
		{9EE8025C-24FB-4702-AB77-1C0F18981F76}.Release|Any CPU.ActiveCfg = Release|Any CPU
		{9EE8025C-24FB-4702-AB77-1C0F18981F76}.Release|Any CPU.Build.0 = Release|Any CPU
		{BFAC1D5B-973B-4AAB-954E-91655C845308}.Debug|Any CPU.ActiveCfg = Debug|Any CPU
		{BFAC1D5B-973B-4AAB-954E-91655C845308}.Debug|Any CPU.Build.0 = Debug|Any CPU
		{BFAC1D5B-973B-4AAB-954E-91655C845308}.Release|Any CPU.ActiveCfg = Release|Any CPU
		{BFAC1D5B-973B-4AAB-954E-91655C845308}.Release|Any CPU.Build.0 = Release|Any CPU
		{FD7D06A9-6A8F-4292-ABA7-689D23D863FB}.Debug|Any CPU.ActiveCfg = Debug|Any CPU
		{FD7D06A9-6A8F-4292-ABA7-689D23D863FB}.Debug|Any CPU.Build.0 = Debug|Any CPU
		{FD7D06A9-6A8F-4292-ABA7-689D23D863FB}.Release|Any CPU.ActiveCfg = Release|Any CPU
		{FD7D06A9-6A8F-4292-ABA7-689D23D863FB}.Release|Any CPU.Build.0 = Release|Any CPU
	EndGlobalSection
	GlobalSection(SolutionProperties) = preSolution
		HideSolutionNode = FALSE
	EndGlobalSection
	GlobalSection(ExtensibilityGlobals) = postSolution
		SolutionGuid = {982F83A0-DA0D-4D4D-A073-640EC17ECC15}
	EndGlobalSection
EndGlobal
