
Microsoft Visual Studio Solution File, Format Version 12.00
# Visual Studio 15
VisualStudioVersion = 15.0.27130.2027
MinimumVisualStudioVersion = 10.0.40219.1
Project("{FAE04EC0-301F-11D3-BF4B-00C04F79EFBC}") = "Exam5Sept2017-GrandPrix", "Exam5Sept2017-GrandPrix\Exam5Sept2017-GrandPrix.csproj", "{EACA0087-923E-4A66-81A0-6BF2140F3BFD}"
EndProject
Global
	GlobalSection(SolutionConfigurationPlatforms) = preSolution
		Debug|Any CPU = Debug|Any CPU
		Release|Any CPU = Release|Any CPU
	EndGlobalSection
	GlobalSection(ProjectConfigurationPlatforms) = postSolution
		{EACA0087-923E-4A66-81A0-6BF2140F3BFD}.Debug|Any CPU.ActiveCfg = Debug|Any CPU
		{EACA0087-923E-4A66-81A0-6BF2140F3BFD}.Debug|Any CPU.Build.0 = Debug|Any CPU
		{EACA0087-923E-4A66-81A0-6BF2140F3BFD}.Release|Any CPU.ActiveCfg = Release|Any CPU
		{EACA0087-923E-4A66-81A0-6BF2140F3BFD}.Release|Any CPU.Build.0 = Release|Any CPU
	EndGlobalSection
	GlobalSection(SolutionProperties) = preSolution
		HideSolutionNode = FALSE
	EndGlobalSection
	GlobalSection(ExtensibilityGlobals) = postSolution
		SolutionGuid = {720B65B6-CBEA-4DB8-9D00-AE436BF871EE}
	EndGlobalSection
EndGlobal
