
Microsoft Visual Studio Solution File, Format Version 12.00
# Visual Studio 15
VisualStudioVersion = 15.0.27130.2027
MinimumVisualStudioVersion = 10.0.40219.1
Project("{FAE04EC0-301F-11D3-BF4B-00C04F79EFBC}") = "01_Persons", "01_Persons\01_Persons.csproj", "{107E246E-AC54-420C-9520-2BF4E6AB8664}"
EndProject
Global
	GlobalSection(SolutionConfigurationPlatforms) = preSolution
		Debug|Any CPU = Debug|Any CPU
		Release|Any CPU = Release|Any CPU
	EndGlobalSection
	GlobalSection(ProjectConfigurationPlatforms) = postSolution
		{107E246E-AC54-420C-9520-2BF4E6AB8664}.Debug|Any CPU.ActiveCfg = Debug|Any CPU
		{107E246E-AC54-420C-9520-2BF4E6AB8664}.Debug|Any CPU.Build.0 = Debug|Any CPU
		{107E246E-AC54-420C-9520-2BF4E6AB8664}.Release|Any CPU.ActiveCfg = Release|Any CPU
		{107E246E-AC54-420C-9520-2BF4E6AB8664}.Release|Any CPU.Build.0 = Release|Any CPU
	EndGlobalSection
	GlobalSection(SolutionProperties) = preSolution
		HideSolutionNode = FALSE
	EndGlobalSection
	GlobalSection(ExtensibilityGlobals) = postSolution
		SolutionGuid = {4939F6DB-CBD9-4BDA-9344-3CE0FECD91ED}
	EndGlobalSection
EndGlobal
