
Microsoft Visual Studio Solution File, Format Version 12.00
# Visual Studio 15
VisualStudioVersion = 15.0.27130.2027
MinimumVisualStudioVersion = 10.0.40219.1
Project("{9A19103F-16F7-4668-BE54-9A1E7A4F7556}") = "01_ClassBox", "01_ClassBox\01_ClassBox.csproj", "{48CA98CD-5032-4D6C-B038-2240A5F86ECE}"
EndProject
Project("{9A19103F-16F7-4668-BE54-9A1E7A4F7556}") = "03_AnimalFarm", "C:\Users\Toshiba\Downloads\Нова папка\AnimalFirm\AnimalFarm\AnimalFarm\03_AnimalFarm.csproj", "{E7E0959F-4A7B-44D6-8A78-5520CB21A09F}"
EndProject
Project("{9A19103F-16F7-4668-BE54-9A1E7A4F7556}") = "04_ShoppingSpree2", "04_ShoppingSpree2\04_ShoppingSpree2.csproj", "{11AC02E1-24CF-456F-B7F6-4AC5FA1C20B4}"
EndProject
Project("{9A19103F-16F7-4668-BE54-9A1E7A4F7556}") = "05_PizzaCalories", "05_PizzaCalories\05_PizzaCalories.csproj", "{6ADC25FE-BB0F-4FD7-B515-97E286118BF8}"
EndProject
Project("{9A19103F-16F7-4668-BE54-9A1E7A4F7556}") = "06_FootballTeamGenerator", "06_FootballTeamGenerator\06_FootballTeamGenerator.csproj", "{9145705B-9D83-4C97-8692-1A6BD29D6008}"
EndProject
Project("{FAE04EC0-301F-11D3-BF4B-00C04F79EFBC}") = "06_FootballTeamGenerator2", "06_FootballTeamGenerator2\06_FootballTeamGenerator2.csproj", "{9CCD3D0D-7D47-4F07-A979-146255B8E5AE}"
EndProject
Global
	GlobalSection(SolutionConfigurationPlatforms) = preSolution
		Debug|Any CPU = Debug|Any CPU
		Release|Any CPU = Release|Any CPU
	EndGlobalSection
	GlobalSection(ProjectConfigurationPlatforms) = postSolution
		{48CA98CD-5032-4D6C-B038-2240A5F86ECE}.Debug|Any CPU.ActiveCfg = Debug|Any CPU
		{48CA98CD-5032-4D6C-B038-2240A5F86ECE}.Debug|Any CPU.Build.0 = Debug|Any CPU
		{48CA98CD-5032-4D6C-B038-2240A5F86ECE}.Release|Any CPU.ActiveCfg = Release|Any CPU
		{48CA98CD-5032-4D6C-B038-2240A5F86ECE}.Release|Any CPU.Build.0 = Release|Any CPU
		{E7E0959F-4A7B-44D6-8A78-5520CB21A09F}.Debug|Any CPU.ActiveCfg = Debug|Any CPU
		{E7E0959F-4A7B-44D6-8A78-5520CB21A09F}.Debug|Any CPU.Build.0 = Debug|Any CPU
		{E7E0959F-4A7B-44D6-8A78-5520CB21A09F}.Release|Any CPU.ActiveCfg = Release|Any CPU
		{E7E0959F-4A7B-44D6-8A78-5520CB21A09F}.Release|Any CPU.Build.0 = Release|Any CPU
		{11AC02E1-24CF-456F-B7F6-4AC5FA1C20B4}.Debug|Any CPU.ActiveCfg = Debug|Any CPU
		{11AC02E1-24CF-456F-B7F6-4AC5FA1C20B4}.Debug|Any CPU.Build.0 = Debug|Any CPU
		{11AC02E1-24CF-456F-B7F6-4AC5FA1C20B4}.Release|Any CPU.ActiveCfg = Release|Any CPU
		{11AC02E1-24CF-456F-B7F6-4AC5FA1C20B4}.Release|Any CPU.Build.0 = Release|Any CPU
		{6ADC25FE-BB0F-4FD7-B515-97E286118BF8}.Debug|Any CPU.ActiveCfg = Debug|Any CPU
		{6ADC25FE-BB0F-4FD7-B515-97E286118BF8}.Debug|Any CPU.Build.0 = Debug|Any CPU
		{6ADC25FE-BB0F-4FD7-B515-97E286118BF8}.Release|Any CPU.ActiveCfg = Release|Any CPU
		{6ADC25FE-BB0F-4FD7-B515-97E286118BF8}.Release|Any CPU.Build.0 = Release|Any CPU
		{9145705B-9D83-4C97-8692-1A6BD29D6008}.Debug|Any CPU.ActiveCfg = Debug|Any CPU
		{9145705B-9D83-4C97-8692-1A6BD29D6008}.Debug|Any CPU.Build.0 = Debug|Any CPU
		{9145705B-9D83-4C97-8692-1A6BD29D6008}.Release|Any CPU.ActiveCfg = Release|Any CPU
		{9145705B-9D83-4C97-8692-1A6BD29D6008}.Release|Any CPU.Build.0 = Release|Any CPU
		{9CCD3D0D-7D47-4F07-A979-146255B8E5AE}.Debug|Any CPU.ActiveCfg = Debug|Any CPU
		{9CCD3D0D-7D47-4F07-A979-146255B8E5AE}.Debug|Any CPU.Build.0 = Debug|Any CPU
		{9CCD3D0D-7D47-4F07-A979-146255B8E5AE}.Release|Any CPU.ActiveCfg = Release|Any CPU
		{9CCD3D0D-7D47-4F07-A979-146255B8E5AE}.Release|Any CPU.Build.0 = Release|Any CPU
	EndGlobalSection
	GlobalSection(SolutionProperties) = preSolution
		HideSolutionNode = FALSE
	EndGlobalSection
	GlobalSection(ExtensibilityGlobals) = postSolution
		SolutionGuid = {E4F4D81A-857B-40E1-BA4A-AEE8D1EA60A5}
	EndGlobalSection
EndGlobal
