
Microsoft Visual Studio Solution File, Format Version 12.00
# Visual Studio 15
VisualStudioVersion = 15.0.26430.15
MinimumVisualStudioVersion = 10.0.40219.1
Project("{FAE04EC0-301F-11D3-BF4B-00C04F79EFBC}") = "DefineClassPerson", "DefineClassPerson\DefineClassPerson.csproj", "{F6926894-84D2-4E3F-B2BE-B0A48BA417A6}"
EndProject
Project("{FAE04EC0-301F-11D3-BF4B-00C04F79EFBC}") = "OldestFamilyMember", "OldestFamilyMember\OldestFamilyMember.csproj", "{143A31AB-EE97-40A8-8691-3E89ACB69A13}"
EndProject
Project("{FAE04EC0-301F-11D3-BF4B-00C04F79EFBC}") = "DateModifier", "DateModifier\DateModifier.csproj", "{DF7C0C47-EDA3-4670-B800-01DCA8D7A774}"
EndProject
Project("{FAE04EC0-301F-11D3-BF4B-00C04F79EFBC}") = "CompanyRoster", "CompanyRoster\CompanyRoster.csproj", "{3EAEA528-A176-447A-AE90-BEBC743B0B47}"
EndProject
Project("{FAE04EC0-301F-11D3-BF4B-00C04F79EFBC}") = "SpeedRacing", "SpeedRacing\SpeedRacing.csproj", "{4AF1CA75-ECDA-4007-A6E8-AB922C8D9D07}"
EndProject
Project("{FAE04EC0-301F-11D3-BF4B-00C04F79EFBC}") = "RawData", "RawData\RawData.csproj", "{3B5D2E9C-77A8-48F5-A7B2-2A7657189DA0}"
EndProject
Global
	GlobalSection(SolutionConfigurationPlatforms) = preSolution
		Debug|Any CPU = Debug|Any CPU
		Release|Any CPU = Release|Any CPU
	EndGlobalSection
	GlobalSection(ProjectConfigurationPlatforms) = postSolution
		{F6926894-84D2-4E3F-B2BE-B0A48BA417A6}.Debug|Any CPU.ActiveCfg = Debug|Any CPU
		{F6926894-84D2-4E3F-B2BE-B0A48BA417A6}.Debug|Any CPU.Build.0 = Debug|Any CPU
		{F6926894-84D2-4E3F-B2BE-B0A48BA417A6}.Release|Any CPU.ActiveCfg = Release|Any CPU
		{F6926894-84D2-4E3F-B2BE-B0A48BA417A6}.Release|Any CPU.Build.0 = Release|Any CPU
		{143A31AB-EE97-40A8-8691-3E89ACB69A13}.Debug|Any CPU.ActiveCfg = Debug|Any CPU
		{143A31AB-EE97-40A8-8691-3E89ACB69A13}.Debug|Any CPU.Build.0 = Debug|Any CPU
		{143A31AB-EE97-40A8-8691-3E89ACB69A13}.Release|Any CPU.ActiveCfg = Release|Any CPU
		{143A31AB-EE97-40A8-8691-3E89ACB69A13}.Release|Any CPU.Build.0 = Release|Any CPU
		{DF7C0C47-EDA3-4670-B800-01DCA8D7A774}.Debug|Any CPU.ActiveCfg = Debug|Any CPU
		{DF7C0C47-EDA3-4670-B800-01DCA8D7A774}.Debug|Any CPU.Build.0 = Debug|Any CPU
		{DF7C0C47-EDA3-4670-B800-01DCA8D7A774}.Release|Any CPU.ActiveCfg = Release|Any CPU
		{DF7C0C47-EDA3-4670-B800-01DCA8D7A774}.Release|Any CPU.Build.0 = Release|Any CPU
		{3EAEA528-A176-447A-AE90-BEBC743B0B47}.Debug|Any CPU.ActiveCfg = Debug|Any CPU
		{3EAEA528-A176-447A-AE90-BEBC743B0B47}.Debug|Any CPU.Build.0 = Debug|Any CPU
		{3EAEA528-A176-447A-AE90-BEBC743B0B47}.Release|Any CPU.ActiveCfg = Release|Any CPU
		{3EAEA528-A176-447A-AE90-BEBC743B0B47}.Release|Any CPU.Build.0 = Release|Any CPU
		{4AF1CA75-ECDA-4007-A6E8-AB922C8D9D07}.Debug|Any CPU.ActiveCfg = Debug|Any CPU
		{4AF1CA75-ECDA-4007-A6E8-AB922C8D9D07}.Debug|Any CPU.Build.0 = Debug|Any CPU
		{4AF1CA75-ECDA-4007-A6E8-AB922C8D9D07}.Release|Any CPU.ActiveCfg = Release|Any CPU
		{4AF1CA75-ECDA-4007-A6E8-AB922C8D9D07}.Release|Any CPU.Build.0 = Release|Any CPU
		{3B5D2E9C-77A8-48F5-A7B2-2A7657189DA0}.Debug|Any CPU.ActiveCfg = Debug|Any CPU
		{3B5D2E9C-77A8-48F5-A7B2-2A7657189DA0}.Debug|Any CPU.Build.0 = Debug|Any CPU
		{3B5D2E9C-77A8-48F5-A7B2-2A7657189DA0}.Release|Any CPU.ActiveCfg = Release|Any CPU
		{3B5D2E9C-77A8-48F5-A7B2-2A7657189DA0}.Release|Any CPU.Build.0 = Release|Any CPU
	EndGlobalSection
	GlobalSection(SolutionProperties) = preSolution
		HideSolutionNode = FALSE
	EndGlobalSection
EndGlobal
