
Microsoft Visual Studio Solution File, Format Version 12.00
# Visual Studio 15
VisualStudioVersion = 15.0.26430.15
MinimumVisualStudioVersion = 10.0.40219.1
Project("{FAE04EC0-301F-11D3-BF4B-00C04F79EFBC}") = "Vehicles", "Vehicles\Vehicles.csproj", "{3AB4A525-77DB-45A2-8161-4E53040FEC42}"
EndProject
Project("{FAE04EC0-301F-11D3-BF4B-00C04F79EFBC}") = "WildFarm", "WildFarm\WildFarm.csproj", "{1E369B6A-6348-44EB-BCCB-4563B9378BD5}"
EndProject
Global
	GlobalSection(SolutionConfigurationPlatforms) = preSolution
		Debug|Any CPU = Debug|Any CPU
		Release|Any CPU = Release|Any CPU
	EndGlobalSection
	GlobalSection(ProjectConfigurationPlatforms) = postSolution
		{3AB4A525-77DB-45A2-8161-4E53040FEC42}.Debug|Any CPU.ActiveCfg = Debug|Any CPU
		{3AB4A525-77DB-45A2-8161-4E53040FEC42}.Debug|Any CPU.Build.0 = Debug|Any CPU
		{3AB4A525-77DB-45A2-8161-4E53040FEC42}.Release|Any CPU.ActiveCfg = Release|Any CPU
		{3AB4A525-77DB-45A2-8161-4E53040FEC42}.Release|Any CPU.Build.0 = Release|Any CPU
		{1E369B6A-6348-44EB-BCCB-4563B9378BD5}.Debug|Any CPU.ActiveCfg = Debug|Any CPU
		{1E369B6A-6348-44EB-BCCB-4563B9378BD5}.Debug|Any CPU.Build.0 = Debug|Any CPU
		{1E369B6A-6348-44EB-BCCB-4563B9378BD5}.Release|Any CPU.ActiveCfg = Release|Any CPU
		{1E369B6A-6348-44EB-BCCB-4563B9378BD5}.Release|Any CPU.Build.0 = Release|Any CPU
	EndGlobalSection
	GlobalSection(SolutionProperties) = preSolution
		HideSolutionNode = FALSE
	EndGlobalSection
EndGlobal
